
Microsoft Visual Studio Solution File, Format Version 12.00
# Visual Studio Version 17
VisualStudioVersion = 17.9.34622.214
MinimumVisualStudioVersion = 10.0.40219.1
Project("{FAE04EC0-301F-11D3-BF4B-00C04F79EFBC}") = "BreezyTaskManager.Server", "BreezyTaskManager.Server\BreezyTaskManager.Server.csproj", "{BA96719E-C017-430A-821C-DDC0A6D9EAFE}"
EndProject
Project("{54A90642-561A-4BB1-A94E-469ADEE60C69}") = "breezytaskmanager.client", "breezytaskmanager.client\breezytaskmanager.client.esproj", "{A7D90B41-31CE-4057-9BBB-2D99B3BD27CA}"
EndProject
Global
	GlobalSection(SolutionConfigurationPlatforms) = preSolution
		Debug|Any CPU = Debug|Any CPU
		Release|Any CPU = Release|Any CPU
	EndGlobalSection
	GlobalSection(ProjectConfigurationPlatforms) = postSolution
		{BA96719E-C017-430A-821C-DDC0A6D9EAFE}.Debug|Any CPU.ActiveCfg = Debug|Any CPU
		{BA96719E-C017-430A-821C-DDC0A6D9EAFE}.Debug|Any CPU.Build.0 = Debug|Any CPU
		{BA96719E-C017-430A-821C-DDC0A6D9EAFE}.Release|Any CPU.ActiveCfg = Release|Any CPU
		{BA96719E-C017-430A-821C-DDC0A6D9EAFE}.Release|Any CPU.Build.0 = Release|Any CPU
		{A7D90B41-31CE-4057-9BBB-2D99B3BD27CA}.Debug|Any CPU.ActiveCfg = Debug|Any CPU
		{A7D90B41-31CE-4057-9BBB-2D99B3BD27CA}.Debug|Any CPU.Build.0 = Debug|Any CPU
		{A7D90B41-31CE-4057-9BBB-2D99B3BD27CA}.Debug|Any CPU.Deploy.0 = Debug|Any CPU
		{A7D90B41-31CE-4057-9BBB-2D99B3BD27CA}.Release|Any CPU.ActiveCfg = Release|Any CPU
		{A7D90B41-31CE-4057-9BBB-2D99B3BD27CA}.Release|Any CPU.Build.0 = Release|Any CPU
		{A7D90B41-31CE-4057-9BBB-2D99B3BD27CA}.Release|Any CPU.Deploy.0 = Release|Any CPU
	EndGlobalSection
	GlobalSection(SolutionProperties) = preSolution
		HideSolutionNode = FALSE
	EndGlobalSection
	GlobalSection(ExtensibilityGlobals) = postSolution
		SolutionGuid = {5BFC86C4-5C73-49F4-8E0B-F24A0C3CEF28}
	EndGlobalSection
EndGlobal
